
Microsoft Visual Studio Solution File, Format Version 12.00
# Visual Studio Version 17
VisualStudioVersion = 17.13.35913.81
MinimumVisualStudioVersion = 10.0.40219.1
Project("{FAE04EC0-301F-11D3-BF4B-00C04F79EFBC}") = "ScriptBloxApi", "ScriptBloxApi.csproj", "{B5B7DB43-73E2-4B41-BA4E-F51C4AB092B7}"
EndProject
Project("{FAE04EC0-301F-11D3-BF4B-00C04F79EFBC}") = "ScriptBloxTestSuite", "..\ScriptBloxTestSuite\ScriptBloxTestSuite\ScriptBloxTestSuite.csproj", "{813347DA-EE3F-4E4C-8C3E-B63FE91AE091}"
EndProject
Global
	GlobalSection(SolutionConfigurationPlatforms) = preSolution
		Debug|Any CPU = Debug|Any CPU
		Release|Any CPU = Release|Any CPU
	EndGlobalSection
	GlobalSection(ProjectConfigurationPlatforms) = postSolution
		{B5B7DB43-73E2-4B41-BA4E-F51C4AB092B7}.Debug|Any CPU.ActiveCfg = Debug|Any CPU
		{B5B7DB43-73E2-4B41-BA4E-F51C4AB092B7}.Debug|Any CPU.Build.0 = Debug|Any CPU
		{B5B7DB43-73E2-4B41-BA4E-F51C4AB092B7}.Release|Any CPU.ActiveCfg = Release|Any CPU
		{B5B7DB43-73E2-4B41-BA4E-F51C4AB092B7}.Release|Any CPU.Build.0 = Release|Any CPU
		{813347DA-EE3F-4E4C-8C3E-B63FE91AE091}.Debug|Any CPU.ActiveCfg = Debug|Any CPU
		{813347DA-EE3F-4E4C-8C3E-B63FE91AE091}.Debug|Any CPU.Build.0 = Debug|Any CPU
		{813347DA-EE3F-4E4C-8C3E-B63FE91AE091}.Release|Any CPU.ActiveCfg = Release|Any CPU
		{813347DA-EE3F-4E4C-8C3E-B63FE91AE091}.Release|Any CPU.Build.0 = Release|Any CPU
	EndGlobalSection
	GlobalSection(SolutionProperties) = preSolution
		HideSolutionNode = FALSE
	EndGlobalSection
	GlobalSection(ExtensibilityGlobals) = postSolution
		SolutionGuid = {92AC39F0-6AF4-42DC-B2E7-7E7339449C95}
	EndGlobalSection
EndGlobal
